// !$*UTF8*$!
{
	archiveVersion = 1;
	classes = {
	};
	objectVersion = 46;
	objects = {

/* Begin PBXBuildFile section */
		CE1C043D1D913C020077FAA7 /* main.m in Sources */ = {isa = PBXBuildFile; fileRef = CE1C043C1D913C020077FAA7 /* main.m */; };
		CE1C04401D913C020077FAA7 /* AppDelegate.m in Sources */ = {isa = PBXBuildFile; fileRef = CE1C043F1D913C020077FAA7 /* AppDelegate.m */; };
		CE1C04431D913C020077FAA7 /* ViewController.m in Sources */ = {isa = PBXBuildFile; fileRef = CE1C04421D913C020077FAA7 /* ViewController.m */; };
		CE1C04461D913C020077FAA7 /* Main.storyboard in Resources */ = {isa = PBXBuildFile; fileRef = CE1C04441D913C020077FAA7 /* Main.storyboard */; };
		CE1C04481D913C020077FAA7 /* Assets.xcassets in Resources */ = {isa = PBXBuildFile; fileRef = CE1C04471D913C020077FAA7 /* Assets.xcassets */; };
		CE1C044B1D913C020077FAA7 /* LaunchScreen.storyboard in Resources */ = {isa = PBXBuildFile; fileRef = CE1C04491D913C020077FAA7 /* LaunchScreen.storyboard */; };
		CE1C04561D913C020077FAA7 /* AppMainUITests.m in Sources */ = {isa = PBXBuildFile; fileRef = CE1C04551D913C020077FAA7 /* AppMainUITests.m */; };
/* End PBXBuildFile section */

/* Begin PBXContainerItemProxy section */
		CE1C04521D913C020077FAA7 /* PBXContainerItemProxy */ = {
			isa = PBXContainerItemProxy;
			containerPortal = CE1C04301D913C020077FAA7 /* Project object */;
			proxyType = 1;
			remoteGlobalIDString = CE1C04371D913C020077FAA7;
			remoteInfo = AppMain;
		};
/* End PBXContainerItemProxy section */

/* Begin PBXFileReference section */
		CE1C04381D913C020077FAA7 /* AppMain.app */ = {isa = PBXFileReference; explicitFileType = wrapper.application; includeInIndex = 0; path = AppMain.app; sourceTree = BUILT_PRODUCTS_DIR; };
		CE1C043C1D913C020077FAA7 /* main.m */ = {isa = PBXFileReference; lastKnownFileType = sourcecode.c.objc; path = main.m; sourceTree = "<group>"; };
		CE1C043E1D913C020077FAA7 /* AppDelegate.h */ = {isa = PBXFileReference; lastKnownFileType = sourcecode.c.h; path = AppDelegate.h; sourceTree = "<group>"; };
		CE1C043F1D913C020077FAA7 /* AppDelegate.m */ = {isa = PBXFileReference; lastKnownFileType = sourcecode.c.objc; path = AppDelegate.m; sourceTree = "<group>"; };
		CE1C04411D913C020077FAA7 /* ViewController.h */ = {isa = PBXFileReference; lastKnownFileType = sourcecode.c.h; path = ViewController.h; sourceTree = "<group>"; };
		CE1C04421D913C020077FAA7 /* ViewController.m */ = {isa = PBXFileReference; lastKnownFileType = sourcecode.c.objc; path = ViewController.m; sourceTree = "<group>"; };
		CE1C04451D913C020077FAA7 /* Base */ = {isa = PBXFileReference; lastKnownFileType = file.storyboard; name = Base; path = Base.lproj/Main.storyboard; sourceTree = "<group>"; };
		CE1C04471D913C020077FAA7 /* Assets.xcassets */ = {isa = PBXFileReference; lastKnownFileType = folder.assetcatalog; path = Assets.xcassets; sourceTree = "<group>"; };
		CE1C044A1D913C020077FAA7 /* Base */ = {isa = PBXFileReference; lastKnownFileType = file.storyboard; name = Base; path = Base.lproj/LaunchScreen.storyboard; sourceTree = "<group>"; };
		CE1C044C1D913C020077FAA7 /* Info.plist */ = {isa = PBXFileReference; lastKnownFileType = text.plist.xml; path = Info.plist; sourceTree = "<group>"; };
		CE1C04511D913C020077FAA7 /* AppMainUITests.xctest */ = {isa = PBXFileReference; explicitFileType = wrapper.cfbundle; includeInIndex = 0; path = AppMainUITests.xctest; sourceTree = BUILT_PRODUCTS_DIR; };
		CE1C04551D913C020077FAA7 /* AppMainUITests.m */ = {isa = PBXFileReference; lastKnownFileType = sourcecode.c.objc; path = AppMainUITests.m; sourceTree = "<group>"; };
		CE1C04571D913C020077FAA7 /* Info.plist */ = {isa = PBXFileReference; lastKnownFileType = text.plist.xml; path = Info.plist; sourceTree = "<group>"; };
/* End PBXFileReference section */

/* Begin PBXFrameworksBuildPhase section */
		CE1C04351D913C020077FAA7 /* Frameworks */ = {
			isa = PBXFrameworksBuildPhase;
			buildActionMask = 2147483647;
			files = (
			);
			runOnlyForDeploymentPostprocessing = 0;
		};
		CE1C044E1D913C020077FAA7 /* Frameworks */ = {
			isa = PBXFrameworksBuildPhase;
			buildActionMask = 2147483647;
			files = (
			);
			runOnlyForDeploymentPostprocessing = 0;
		};
/* End PBXFrameworksBuildPhase section */

/* Begin PBXGroup section */
		CE1C042F1D913C020077FAA7 = {
			isa = PBXGroup;
			children = (
				CE1C043A1D913C020077FAA7 /* AppMain */,
				CE1C04541D913C020077FAA7 /* AppMainUITests */,
				CE1C04391D913C020077FAA7 /* Products */,
			);
			sourceTree = "<group>";
		};
		CE1C04391D913C020077FAA7 /* Products */ = {
			isa = PBXGroup;
			children = (
				CE1C04381D913C020077FAA7 /* AppMain.app */,
				CE1C04511D913C020077FAA7 /* AppMainUITests.xctest */,
			);
			name = Products;
			sourceTree = "<group>";
		};
		CE1C043A1D913C020077FAA7 /* AppMain */ = {
			isa = PBXGroup;
			children = (
				CE1C043E1D913C020077FAA7 /* AppDelegate.h */,
				CE1C043F1D913C020077FAA7 /* AppDelegate.m */,
				CE1C04411D913C020077FAA7 /* ViewController.h */,
				CE1C04421D913C020077FAA7 /* ViewController.m */,
				CE1C04441D913C020077FAA7 /* Main.storyboard */,
				CE1C04471D913C020077FAA7 /* Assets.xcassets */,
				CE1C04491D913C020077FAA7 /* LaunchScreen.storyboard */,
				CE1C044C1D913C020077FAA7 /* Info.plist */,
				CE1C043B1D913C020077FAA7 /* Supporting Files */,
			);
			path = AppMain;
			sourceTree = "<group>";
		};
		CE1C043B1D913C020077FAA7 /* Supporting Files */ = {
			isa = PBXGroup;
			children = (
				CE1C043C1D913C020077FAA7 /* main.m */,
			);
			name = "Supporting Files";
			sourceTree = "<group>";
		};
		CE1C04541D913C020077FAA7 /* AppMainUITests */ = {
			isa = PBXGroup;
			children = (
				CE1C04551D913C020077FAA7 /* AppMainUITests.m */,
				CE1C04571D913C020077FAA7 /* Info.plist */,
			);
			path = AppMainUITests;
			sourceTree = "<group>";
		};
/* End PBXGroup section */

/* Begin PBXNativeTarget section */
		CE1C04371D913C020077FAA7 /* AppMain */ = {
			isa = PBXNativeTarget;
			buildConfigurationList = CE1C045A1D913C020077FAA7 /* Build configuration list for PBXNativeTarget "AppMain" */;
			buildPhases = (
				CE1C04341D913C020077FAA7 /* Sources */,
				CE1C04351D913C020077FAA7 /* Frameworks */,
				CE1C04361D913C020077FAA7 /* Resources */,
			);
			buildRules = (
			);
			dependencies = (
			);
			name = AppMain;
			productName = AppMain;
			productReference = CE1C04381D913C020077FAA7 /* AppMain.app */;
			productType = "com.apple.product-type.application";
		};
		CE1C04501D913C020077FAA7 /* AppMainUITests */ = {
			isa = PBXNativeTarget;
			buildConfigurationList = CE1C045D1D913C020077FAA7 /* Build configuration list for PBXNativeTarget "AppMainUITests" */;
			buildPhases = (
				CE1C044D1D913C020077FAA7 /* Sources */,
				CE1C044E1D913C020077FAA7 /* Frameworks */,
				CE1C044F1D913C020077FAA7 /* Resources */,
			);
			buildRules = (
			);
			dependencies = (
				CE1C04531D913C020077FAA7 /* PBXTargetDependency */,
			);
			name = AppMainUITests;
			productName = AppMainUITests;
			productReference = CE1C04511D913C020077FAA7 /* AppMainUITests.xctest */;
			productType = "com.apple.product-type.bundle.ui-testing";
		};
/* End PBXNativeTarget section */

/* Begin PBXProject section */
		CE1C04301D913C020077FAA7 /* Project object */ = {
			isa = PBXProject;
			attributes = {
				LastUpgradeCheck = 0800;
				ORGANIZATIONNAME = miwu;
				TargetAttributes = {
					CE1C04371D913C020077FAA7 = {
						CreatedOnToolsVersion = 8.0;
						ProvisioningStyle = Automatic;
					};
					CE1C04501D913C020077FAA7 = {
						CreatedOnToolsVersion = 8.0;
						ProvisioningStyle = Automatic;
						TestTargetID = CE1C04371D913C020077FAA7;
					};
				};
			};
			buildConfigurationList = CE1C04331D913C020077FAA7 /* Build configuration list for PBXProject "AppMain" */;
			compatibilityVersion = "Xcode 3.2";
			developmentRegion = English;
			hasScannedForEncodings = 0;
			knownRegions = (
				en,
				Base,
			);
			mainGroup = CE1C042F1D913C020077FAA7;
			productRefGroup = CE1C04391D913C020077FAA7 /* Products */;
			projectDirPath = "";
			projectRoot = "";
			targets = (
				CE1C04371D913C020077FAA7 /* AppMain */,
				CE1C04501D913C020077FAA7 /* AppMainUITests */,
			);
		};
/* End PBXProject section */

/* Begin PBXResourcesBuildPhase section */
		CE1C04361D913C020077FAA7 /* Resources */ = {
			isa = PBXResourcesBuildPhase;
			buildActionMask = 2147483647;
			files = (
				CE1C044B1D913C020077FAA7 /* LaunchScreen.storyboard in Resources */,
				CE1C04481D913C020077FAA7 /* Assets.xcassets in Resources */,
				CE1C04461D913C020077FAA7 /* Main.storyboard in Resources */,
			);
			runOnlyForDeploymentPostprocessing = 0;
		};
		CE1C044F1D913C020077FAA7 /* Resources */ = {
			isa = PBXResourcesBuildPhase;
			buildActionMask = 2147483647;
			files = (
			);
			runOnlyForDeploymentPostprocessing = 0;
		};
/* End PBXResourcesBuildPhase section */

/* Begin PBXSourcesBuildPhase section */
		CE1C04341D913C020077FAA7 /* Sources */ = {
			isa = PBXSourcesBuildPhase;
			buildActionMask = 2147483647;
			files = (
				CE1C04431D913C020077FAA7 /* ViewController.m in Sources */,
				CE1C04401D913C020077FAA7 /* AppDelegate.m in Sources */,
				CE1C043D1D913C020077FAA7 /* main.m in Sources */,
			);
			runOnlyForDeploymentPostprocessing = 0;
		};
		CE1C044D1D913C020077FAA7 /* Sources */ = {
			isa = PBXSourcesBuildPhase;
			buildActionMask = 2147483647;
			files = (
				CE1C04561D913C020077FAA7 /* AppMainUITests.m in Sources */,
			);
			runOnlyForDeploymentPostprocessing = 0;
		};
/* End PBXSourcesBuildPhase section */

/* Begin PBXTargetDependency section */
		CE1C04531D913C020077FAA7 /* PBXTargetDependency */ = {
			isa = PBXTargetDependency;
			target = CE1C04371D913C020077FAA7 /* AppMain */;
			targetProxy = CE1C04521D913C020077FAA7 /* PBXContainerItemProxy */;
		};
/* End PBXTargetDependency section */

/* Begin PBXVariantGroup section */
		CE1C04441D913C020077FAA7 /* Main.storyboard */ = {
			isa = PBXVariantGroup;
			children = (
				CE1C04451D913C020077FAA7 /* Base */,
			);
			name = Main.storyboard;
			sourceTree = "<group>";
		};
		CE1C04491D913C020077FAA7 /* LaunchScreen.storyboard */ = {
			isa = PBXVariantGroup;
			children = (
				CE1C044A1D913C020077FAA7 /* Base */,
			);
			name = LaunchScreen.storyboard;
			sourceTree = "<group>";
		};
/* End PBXVariantGroup section */

/* Begin XCBuildConfiguration section */
		CE1C04581D913C020077FAA7 /* Debug */ = {
			isa = XCBuildConfiguration;
			buildSettings = {
				ALWAYS_SEARCH_USER_PATHS = NO;
				CLANG_ANALYZER_NONNULL = YES;
				CLANG_CXX_LANGUAGE_STANDARD = "gnu++0x";
				CLANG_CXX_LIBRARY = "libc++";
				CLANG_ENABLE_MODULES = YES;
				CLANG_ENABLE_OBJC_ARC = YES;
				CLANG_WARN_BOOL_CONVERSION = YES;
				CLANG_WARN_CONSTANT_CONVERSION = YES;
				CLANG_WARN_DIRECT_OBJC_ISA_USAGE = YES_ERROR;
				CLANG_WARN_DOCUMENTATION_COMMENTS = YES;
				CLANG_WARN_EMPTY_BODY = YES;
				CLANG_WARN_ENUM_CONVERSION = YES;
				CLANG_WARN_INFINITE_RECURSION = YES;
				CLANG_WARN_INT_CONVERSION = YES;
				CLANG_WARN_OBJC_ROOT_CLASS = YES_ERROR;
				CLANG_WARN_SUSPICIOUS_MOVES = YES;
				CLANG_WARN_UNREACHABLE_CODE = YES;
				CLANG_WARN__DUPLICATE_METHOD_MATCH = YES;
				"CODE_SIGN_IDENTITY[sdk=iphoneos*]" = "iPhone Developer";
				COPY_PHASE_STRIP = NO;
				DEBUG_INFORMATION_FORMAT = dwarf;
				ENABLE_STRICT_OBJC_MSGSEND = YES;
				ENABLE_TESTABILITY = YES;
				GCC_C_LANGUAGE_STANDARD = gnu99;
				GCC_DYNAMIC_NO_PIC = NO;
				GCC_NO_COMMON_BLOCKS = YES;
				GCC_OPTIMIZATION_LEVEL = 0;
				GCC_PREPROCESSOR_DEFINITIONS = (
					"DEBUG=1",
					"$(inherited)",
				);
				GCC_WARN_64_TO_32_BIT_CONVERSION = YES;
				GCC_WARN_ABOUT_RETURN_TYPE = YES_ERROR;
				GCC_WARN_UNDECLARED_SELECTOR = YES;
				GCC_WARN_UNINITIALIZED_AUTOS = YES_AGGRESSIVE;
				GCC_WARN_UNUSED_FUNCTION = YES;
				GCC_WARN_UNUSED_VARIABLE = YES;
				IPHONEOS_DEPLOYMENT_TARGET = 10.0;
				MTL_ENABLE_DEBUG_INFO = YES;
				ONLY_ACTIVE_ARCH = YES;
				SDKROOT = iphoneos;
				TARGETED_DEVICE_FAMILY = "1,2";
			};
			name = Debug;
		};
		CE1C04591D913C020077FAA7 /* Release */ = {
			isa = XCBuildConfiguration;
			buildSettings = {
				ALWAYS_SEARCH_USER_PATHS = NO;
				CLANG_ANALYZER_NONNULL = YES;
				CLANG_CXX_LANGUAGE_STANDARD = "gnu++0x";
				CLANG_CXX_LIBRARY = "libc++";
				CLANG_ENABLE_MODULES = YES;
				CLANG_ENABLE_OBJC_ARC = YES;
				CLANG_WARN_BOOL_CONVERSION = YES;
				CLANG_WARN_CONSTANT_CONVERSION = YES;
				CLANG_WARN_DIRECT_OBJC_ISA_USAGE = YES_ERROR;
				CLANG_WARN_DOCUMENTATION_COMMENTS = YES;
				CLANG_WARN_EMPTY_BODY = YES;
				CLANG_WARN_ENUM_CONVERSION = YES;
				CLANG_WARN_INFINITE_RECURSION = YES;
				CLANG_WARN_INT_CONVERSION = YES;
				CLANG_WARN_OBJC_ROOT_CLASS = YES_ERROR;
				CLANG_WARN_SUSPICIOUS_MOVES = YES;
				CLANG_WARN_UNREACHABLE_CODE = YES;
				CLANG_WARN__DUPLICATE_METHOD_MATCH = YES;
				"CODE_SIGN_IDENTITY[sdk=iphoneos*]" = "iPhone Developer";
				COPY_PHASE_STRIP = NO;
				DEBUG_INFORMATION_FORMAT = "dwarf-with-dsym";
				ENABLE_NS_ASSERTIONS = NO;
				ENABLE_STRICT_OBJC_MSGSEND = YES;
				GCC_C_LANGUAGE_STANDARD = gnu99;
				GCC_NO_COMMON_BLOCKS = YES;
				GCC_WARN_64_TO_32_BIT_CONVERSION = YES;
				GCC_WARN_ABOUT_RETURN_TYPE = YES_ERROR;
				GCC_WARN_UNDECLARED_SELECTOR = YES;
				GCC_WARN_UNINITIALIZED_AUTOS = YES_AGGRESSIVE;
				GCC_WARN_UNUSED_FUNCTION = YES;
				GCC_WARN_UNUSED_VARIABLE = YES;
				IPHONEOS_DEPLOYMENT_TARGET = 10.0;
				MTL_ENABLE_DEBUG_INFO = NO;
				SDKROOT = iphoneos;
				TARGETED_DEVICE_FAMILY = "1,2";
				VALIDATE_PRODUCT = YES;
			};
			name = Release;
		};
		CE1C045B1D913C020077FAA7 /* Debug */ = {
			isa = XCBuildConfiguration;
			buildSettings = {
				ASSETCATALOG_COMPILER_APPICON_NAME = AppIcon;
				INFOPLIST_FILE = AppMain/Info.plist;
				LD_RUNPATH_SEARCH_PATHS = "$(inherited) @executable_path/Frameworks";
				PRODUCT_BUNDLE_IDENTIFIER = com.blemobi.AppMain;
				PRODUCT_NAME = "$(TARGET_NAME)";
			};
			name = Debug;
		};
		CE1C045C1D913C020077FAA7 /* Release */ = {
			isa = XCBuildConfiguration;
			buildSettings = {
				ASSETCATALOG_COMPILER_APPICON_NAME = AppIcon;
				INFOPLIST_FILE = AppMain/Info.plist;
				LD_RUNPATH_SEARCH_PATHS = "$(inherited) @executable_path/Frameworks";
				PRODUCT_BUNDLE_IDENTIFIER = com.blemobi.AppMain;
				PRODUCT_NAME = "$(TARGET_NAME)";
			};
			name = Release;
		};
		CE1C045E1D913C020077FAA7 /* Debug */ = {
			isa = XCBuildConfiguration;
			buildSettings = {
				INFOPLIST_FILE = AppMainUITests/Info.plist;
				LD_RUNPATH_SEARCH_PATHS = "$(inherited) @executable_path/Frameworks @loader_path/Frameworks";
				PRODUCT_BUNDLE_IDENTIFIER = com.blemobi.AppMainUITests;
				PRODUCT_NAME = "$(TARGET_NAME)";
				TEST_TARGET_NAME = AppMain;
			};
			name = Debug;
		};
		CE1C045F1D913C020077FAA7 /* Release */ = {
			isa = XCBuildConfiguration;
			buildSettings = {
				INFOPLIST_FILE = AppMainUITests/Info.plist;
				LD_RUNPATH_SEARCH_PATHS = "$(inherited) @executable_path/Frameworks @loader_path/Frameworks";
				PRODUCT_BUNDLE_IDENTIFIER = com.blemobi.AppMainUITests;
				PRODUCT_NAME = "$(TARGET_NAME)";
				TEST_TARGET_NAME = AppMain;
			};
			name = Release;
		};
/* End XCBuildConfiguration section */

/* Begin XCConfigurationList section */
		CE1C04331D913C020077FAA7 /* Build configuration list for PBXProject "AppMain" */ = {
			isa = XCConfigurationList;
			buildConfigurations = (
				CE1C04581D913C020077FAA7 /* Debug */,
				CE1C04591D913C020077FAA7 /* Release */,
			);
			defaultConfigurationIsVisible = 0;
			defaultConfigurationName = Release;
		};
		CE1C045A1D913C020077FAA7 /* Build configuration list for PBXNativeTarget "AppMain" */ = {
			isa = XCConfigurationList;
			buildConfigurations = (
				CE1C045B1D913C020077FAA7 /* Debug */,
				CE1C045C1D913C020077FAA7 /* Release */,
			);
			defaultConfigurationIsVisible = 0;
		};
		CE1C045D1D913C020077FAA7 /* Build configuration list for PBXNativeTarget "AppMainUITests" */ = {
			isa = XCConfigurationList;
			buildConfigurations = (
				CE1C045E1D913C020077FAA7 /* Debug */,
				CE1C045F1D913C020077FAA7 /* Release */,
			);
			defaultConfigurationIsVisible = 0;
		};
/* End XCConfigurationList section */
	};
	rootObject = CE1C04301D913C020077FAA7 /* Project object */;
}
