// !$*UTF8*$!
{
	archiveVersion = 1;
	classes = {
	};
	objectVersion = 46;
	objects = {

/* Begin PBXBuildFile section */
		4EA1F5C3253AC80031CD3A52 /* libPods-AppMobaxx.a in Frameworks */ = {isa = PBXBuildFile; fileRef = BB771C9A2B5796A79330F744 /* libPods-AppMobaxx.a */; };
		CEA1E8911D915D2A00D4CAED /* main.m in Sources */ = {isa = PBXBuildFile; fileRef = CEA1E8901D915D2A00D4CAED /* main.m */; };
		CEA1E8941D915D2A00D4CAED /* AppDelegate.m in Sources */ = {isa = PBXBuildFile; fileRef = CEA1E8931D915D2A00D4CAED /* AppDelegate.m */; };
		CEA1E89C1D915D2A00D4CAED /* Assets.xcassets in Resources */ = {isa = PBXBuildFile; fileRef = CEA1E89B1D915D2A00D4CAED /* Assets.xcassets */; };
		CEA1E89F1D915D2A00D4CAED /* LaunchScreen.storyboard in Resources */ = {isa = PBXBuildFile; fileRef = CEA1E89D1D915D2A00D4CAED /* LaunchScreen.storyboard */; };
		CEA1E8AA1D915D2A00D4CAED /* AppMobaxxUITests.m in Sources */ = {isa = PBXBuildFile; fileRef = CEA1E8A91D915D2A00D4CAED /* AppMobaxxUITests.m */; };
		CEA1E8B61D915D9500D4CAED /* MainTabBarController.m in Sources */ = {isa = PBXBuildFile; fileRef = CEA1E8B51D915D9500D4CAED /* MainTabBarController.m */; };
		CEA1E8CF1D915DDB00D4CAED /* WeiboMainViewController.m in Sources */ = {isa = PBXBuildFile; fileRef = CEA1E8C91D915DDB00D4CAED /* WeiboMainViewController.m */; };
		CEA1E8D01D915DDB00D4CAED /* WeiboPubViewController.m in Sources */ = {isa = PBXBuildFile; fileRef = CEA1E8CB1D915DDB00D4CAED /* WeiboPubViewController.m */; };
		CEA1E8D31D915E9100D4CAED /* Base.framework in Frameworks */ = {isa = PBXBuildFile; fileRef = CEA1E8D11D915E9100D4CAED /* Base.framework */; };
		CEA1E8D41D915E9100D4CAED /* Network.framework in Frameworks */ = {isa = PBXBuildFile; fileRef = CEA1E8D21D915E9100D4CAED /* Network.framework */; };
		CEB1DE5D1D92AC1A0014ADC7 /* PostModel.m in Sources */ = {isa = PBXBuildFile; fileRef = CEB1DE5C1D92AC1A0014ADC7 /* PostModel.m */; };
		CEDEC3E31D92067200A054CF /* LoginMainViewController.m in Sources */ = {isa = PBXBuildFile; fileRef = CEDEC3E11D92067200A054CF /* LoginMainViewController.m */; };
		CEDEC3E41D92067200A054CF /* LoginMainViewController.xib in Resources */ = {isa = PBXBuildFile; fileRef = CEDEC3E21D92067200A054CF /* LoginMainViewController.xib */; };
		CEE9FC071D9260EA00DCB604 /* PostListView.m in Sources */ = {isa = PBXBuildFile; fileRef = CEE9FC061D9260EA00DCB604 /* PostListView.m */; };
/* End PBXBuildFile section */

/* Begin PBXContainerItemProxy section */
		CEA1E8A61D915D2A00D4CAED /* PBXContainerItemProxy */ = {
			isa = PBXContainerItemProxy;
			containerPortal = CEA1E8841D915D2A00D4CAED /* Project object */;
			proxyType = 1;
			remoteGlobalIDString = CEA1E88B1D915D2A00D4CAED;
			remoteInfo = AppMobaxx;
		};
/* End PBXContainerItemProxy section */

/* Begin PBXFileReference section */
		7815E6C592EE87318B054466 /* Pods-AppMobaxx.release.xcconfig */ = {isa = PBXFileReference; includeInIndex = 1; lastKnownFileType = text.xcconfig; name = "Pods-AppMobaxx.release.xcconfig"; path = "../../Pods/Target Support Files/Pods-AppMobaxx/Pods-AppMobaxx.release.xcconfig"; sourceTree = "<group>"; };
		BB771C9A2B5796A79330F744 /* libPods-AppMobaxx.a */ = {isa = PBXFileReference; explicitFileType = archive.ar; includeInIndex = 0; path = "libPods-AppMobaxx.a"; sourceTree = BUILT_PRODUCTS_DIR; };
		C81256A853A17BCBC3BA6E39 /* Pods-AppMobaxx.debug.xcconfig */ = {isa = PBXFileReference; includeInIndex = 1; lastKnownFileType = text.xcconfig; name = "Pods-AppMobaxx.debug.xcconfig"; path = "../../Pods/Target Support Files/Pods-AppMobaxx/Pods-AppMobaxx.debug.xcconfig"; sourceTree = "<group>"; };
		CEA1E88C1D915D2A00D4CAED /* AppMobaxx.app */ = {isa = PBXFileReference; explicitFileType = wrapper.application; includeInIndex = 0; path = AppMobaxx.app; sourceTree = BUILT_PRODUCTS_DIR; };
		CEA1E8901D915D2A00D4CAED /* main.m */ = {isa = PBXFileReference; lastKnownFileType = sourcecode.c.objc; path = main.m; sourceTree = "<group>"; };
		CEA1E8921D915D2A00D4CAED /* AppDelegate.h */ = {isa = PBXFileReference; lastKnownFileType = sourcecode.c.h; path = AppDelegate.h; sourceTree = "<group>"; };
		CEA1E8931D915D2A00D4CAED /* AppDelegate.m */ = {isa = PBXFileReference; lastKnownFileType = sourcecode.c.objc; path = AppDelegate.m; sourceTree = "<group>"; };
		CEA1E89B1D915D2A00D4CAED /* Assets.xcassets */ = {isa = PBXFileReference; lastKnownFileType = folder.assetcatalog; path = Assets.xcassets; sourceTree = "<group>"; };
		CEA1E89E1D915D2A00D4CAED /* Base */ = {isa = PBXFileReference; lastKnownFileType = file.storyboard; name = Base; path = Base.lproj/LaunchScreen.storyboard; sourceTree = "<group>"; };
		CEA1E8A01D915D2A00D4CAED /* Info.plist */ = {isa = PBXFileReference; lastKnownFileType = text.plist.xml; path = Info.plist; sourceTree = "<group>"; };
		CEA1E8A51D915D2A00D4CAED /* AppMobaxxUITests.xctest */ = {isa = PBXFileReference; explicitFileType = wrapper.cfbundle; includeInIndex = 0; path = AppMobaxxUITests.xctest; sourceTree = BUILT_PRODUCTS_DIR; };
		CEA1E8A91D915D2A00D4CAED /* AppMobaxxUITests.m */ = {isa = PBXFileReference; lastKnownFileType = sourcecode.c.objc; path = AppMobaxxUITests.m; sourceTree = "<group>"; };
		CEA1E8AB1D915D2A00D4CAED /* Info.plist */ = {isa = PBXFileReference; lastKnownFileType = text.plist.xml; path = Info.plist; sourceTree = "<group>"; };
		CEA1E8B41D915D9500D4CAED /* MainTabBarController.h */ = {isa = PBXFileReference; fileEncoding = 4; lastKnownFileType = sourcecode.c.h; path = MainTabBarController.h; sourceTree = "<group>"; };
		CEA1E8B51D915D9500D4CAED /* MainTabBarController.m */ = {isa = PBXFileReference; fileEncoding = 4; lastKnownFileType = sourcecode.c.objc; path = MainTabBarController.m; sourceTree = "<group>"; };
		CEA1E8C81D915DDB00D4CAED /* WeiboMainViewController.h */ = {isa = PBXFileReference; fileEncoding = 4; lastKnownFileType = sourcecode.c.h; path = WeiboMainViewController.h; sourceTree = "<group>"; };
		CEA1E8C91D915DDB00D4CAED /* WeiboMainViewController.m */ = {isa = PBXFileReference; fileEncoding = 4; lastKnownFileType = sourcecode.c.objc; path = WeiboMainViewController.m; sourceTree = "<group>"; };
		CEA1E8CA1D915DDB00D4CAED /* WeiboPubViewController.h */ = {isa = PBXFileReference; fileEncoding = 4; lastKnownFileType = sourcecode.c.h; path = WeiboPubViewController.h; sourceTree = "<group>"; };
		CEA1E8CB1D915DDB00D4CAED /* WeiboPubViewController.m */ = {isa = PBXFileReference; fileEncoding = 4; lastKnownFileType = sourcecode.c.objc; path = WeiboPubViewController.m; sourceTree = "<group>"; };
		CEA1E8D11D915E9100D4CAED /* Base.framework */ = {isa = PBXFileReference; lastKnownFileType = wrapper.framework; name = Base.framework; path = "../Base/build/Debug-iphoneos/Base.framework"; sourceTree = "<group>"; };
		CEA1E8D21D915E9100D4CAED /* Network.framework */ = {isa = PBXFileReference; lastKnownFileType = wrapper.framework; name = Network.framework; path = "../Network/build/Debug-iphoneos/Network.framework"; sourceTree = "<group>"; };
		CEB1DE5A1D92AB910014ADC7 /* MobaxxPch.pch */ = {isa = PBXFileReference; lastKnownFileType = sourcecode.c.h; path = MobaxxPch.pch; sourceTree = "<group>"; };
		CEB1DE5B1D92AC1A0014ADC7 /* PostModel.h */ = {isa = PBXFileReference; fileEncoding = 4; lastKnownFileType = sourcecode.c.h; path = PostModel.h; sourceTree = "<group>"; };
		CEB1DE5C1D92AC1A0014ADC7 /* PostModel.m */ = {isa = PBXFileReference; fileEncoding = 4; lastKnownFileType = sourcecode.c.objc; path = PostModel.m; sourceTree = "<group>"; };
		CEDEC3E01D92067200A054CF /* LoginMainViewController.h */ = {isa = PBXFileReference; fileEncoding = 4; lastKnownFileType = sourcecode.c.h; path = LoginMainViewController.h; sourceTree = "<group>"; };
		CEDEC3E11D92067200A054CF /* LoginMainViewController.m */ = {isa = PBXFileReference; fileEncoding = 4; lastKnownFileType = sourcecode.c.objc; path = LoginMainViewController.m; sourceTree = "<group>"; };
		CEDEC3E21D92067200A054CF /* LoginMainViewController.xib */ = {isa = PBXFileReference; fileEncoding = 4; lastKnownFileType = file.xib; path = LoginMainViewController.xib; sourceTree = "<group>"; };
		CEE9FC051D9260EA00DCB604 /* PostListView.h */ = {isa = PBXFileReference; fileEncoding = 4; lastKnownFileType = sourcecode.c.h; path = PostListView.h; sourceTree = "<group>"; };
		CEE9FC061D9260EA00DCB604 /* PostListView.m */ = {isa = PBXFileReference; fileEncoding = 4; lastKnownFileType = sourcecode.c.objc; path = PostListView.m; sourceTree = "<group>"; };
/* End PBXFileReference section */

/* Begin PBXFrameworksBuildPhase section */
		CEA1E8891D915D2A00D4CAED /* Frameworks */ = {
			isa = PBXFrameworksBuildPhase;
			buildActionMask = 2147483647;
			files = (
				CEA1E8D31D915E9100D4CAED /* Base.framework in Frameworks */,
				CEA1E8D41D915E9100D4CAED /* Network.framework in Frameworks */,
				4EA1F5C3253AC80031CD3A52 /* libPods-AppMobaxx.a in Frameworks */,
			);
			runOnlyForDeploymentPostprocessing = 0;
		};
		CEA1E8A21D915D2A00D4CAED /* Frameworks */ = {
			isa = PBXFrameworksBuildPhase;
			buildActionMask = 2147483647;
			files = (
			);
			runOnlyForDeploymentPostprocessing = 0;
		};
/* End PBXFrameworksBuildPhase section */

/* Begin PBXGroup section */
		79DBE115EDBF46A187A08B62 /* Pods */ = {
			isa = PBXGroup;
			children = (
				C81256A853A17BCBC3BA6E39 /* Pods-AppMobaxx.debug.xcconfig */,
				7815E6C592EE87318B054466 /* Pods-AppMobaxx.release.xcconfig */,
			);
			name = Pods;
			sourceTree = "<group>";
		};
		7D83039265C2A98641F36BA9 /* Frameworks */ = {
			isa = PBXGroup;
			children = (
				CEA1E8D11D915E9100D4CAED /* Base.framework */,
				CEA1E8D21D915E9100D4CAED /* Network.framework */,
				BB771C9A2B5796A79330F744 /* libPods-AppMobaxx.a */,
			);
			name = Frameworks;
			sourceTree = "<group>";
		};
		CEA1E8831D915D2A00D4CAED = {
			isa = PBXGroup;
			children = (
				CEA1E88E1D915D2A00D4CAED /* AppMobaxx */,
				CEA1E8A81D915D2A00D4CAED /* AppMobaxxUITests */,
				CEA1E88D1D915D2A00D4CAED /* Products */,
				79DBE115EDBF46A187A08B62 /* Pods */,
				7D83039265C2A98641F36BA9 /* Frameworks */,
			);
			sourceTree = "<group>";
		};
		CEA1E88D1D915D2A00D4CAED /* Products */ = {
			isa = PBXGroup;
			children = (
				CEA1E88C1D915D2A00D4CAED /* AppMobaxx.app */,
				CEA1E8A51D915D2A00D4CAED /* AppMobaxxUITests.xctest */,
			);
			name = Products;
			sourceTree = "<group>";
		};
		CEA1E88E1D915D2A00D4CAED /* AppMobaxx */ = {
			isa = PBXGroup;
			children = (
				CEDEC3DF1D92064F00A054CF /* Login */,
				CEA1E8C41D915DDB00D4CAED /* Weibo */,
				CEA1E8921D915D2A00D4CAED /* AppDelegate.h */,
				CEA1E8931D915D2A00D4CAED /* AppDelegate.m */,
				CEA1E8B41D915D9500D4CAED /* MainTabBarController.h */,
				CEA1E8B51D915D9500D4CAED /* MainTabBarController.m */,
				CEA1E89B1D915D2A00D4CAED /* Assets.xcassets */,
				CEA1E89D1D915D2A00D4CAED /* LaunchScreen.storyboard */,
				CEA1E8A01D915D2A00D4CAED /* Info.plist */,
				CEB1DE5A1D92AB910014ADC7 /* MobaxxPch.pch */,
				CEA1E88F1D915D2A00D4CAED /* Supporting Files */,
			);
			path = AppMobaxx;
			sourceTree = "<group>";
		};
		CEA1E88F1D915D2A00D4CAED /* Supporting Files */ = {
			isa = PBXGroup;
			children = (
				CEA1E8901D915D2A00D4CAED /* main.m */,
			);
			name = "Supporting Files";
			sourceTree = "<group>";
		};
		CEA1E8A81D915D2A00D4CAED /* AppMobaxxUITests */ = {
			isa = PBXGroup;
			children = (
				CEA1E8A91D915D2A00D4CAED /* AppMobaxxUITests.m */,
				CEA1E8AB1D915D2A00D4CAED /* Info.plist */,
			);
			path = AppMobaxxUITests;
			sourceTree = "<group>";
		};
		CEA1E8C41D915DDB00D4CAED /* Weibo */ = {
			isa = PBXGroup;
			children = (
				CEA1E8C51D915DDB00D4CAED /* Cell */,
				CEA1E8C71D915DDB00D4CAED /* Controller */,
				CEA1E8CC1D915DDB00D4CAED /* Model */,
				CEA1E8CE1D915DDB00D4CAED /* View */,
			);
			path = Weibo;
			sourceTree = "<group>";
		};
		CEA1E8C51D915DDB00D4CAED /* Cell */ = {
			isa = PBXGroup;
			children = (
			);
			path = Cell;
			sourceTree = "<group>";
		};
		CEA1E8C71D915DDB00D4CAED /* Controller */ = {
			isa = PBXGroup;
			children = (
				CEA1E8C81D915DDB00D4CAED /* WeiboMainViewController.h */,
				CEA1E8C91D915DDB00D4CAED /* WeiboMainViewController.m */,
				CEA1E8CA1D915DDB00D4CAED /* WeiboPubViewController.h */,
				CEA1E8CB1D915DDB00D4CAED /* WeiboPubViewController.m */,
			);
			path = Controller;
			sourceTree = "<group>";
		};
		CEA1E8CC1D915DDB00D4CAED /* Model */ = {
			isa = PBXGroup;
			children = (
				CEB1DE5B1D92AC1A0014ADC7 /* PostModel.h */,
				CEB1DE5C1D92AC1A0014ADC7 /* PostModel.m */,
			);
			path = Model;
			sourceTree = "<group>";
		};
		CEA1E8CE1D915DDB00D4CAED /* View */ = {
			isa = PBXGroup;
			children = (
				CEE9FC051D9260EA00DCB604 /* PostListView.h */,
				CEE9FC061D9260EA00DCB604 /* PostListView.m */,
			);
			path = View;
			sourceTree = "<group>";
		};
		CEDEC3DF1D92064F00A054CF /* Login */ = {
			isa = PBXGroup;
			children = (
				CEDEC3E01D92067200A054CF /* LoginMainViewController.h */,
				CEDEC3E11D92067200A054CF /* LoginMainViewController.m */,
				CEDEC3E21D92067200A054CF /* LoginMainViewController.xib */,
			);
			path = Login;
			sourceTree = "<group>";
		};
/* End PBXGroup section */

/* Begin PBXNativeTarget section */
		CEA1E88B1D915D2A00D4CAED /* AppMobaxx */ = {
			isa = PBXNativeTarget;
			buildConfigurationList = CEA1E8AE1D915D2A00D4CAED /* Build configuration list for PBXNativeTarget "AppMobaxx" */;
			buildPhases = (
				3065BAFF05C5449E919037BC /* [CP] Check Pods Manifest.lock */,
				CEA1E8881D915D2A00D4CAED /* Sources */,
				CEA1E8891D915D2A00D4CAED /* Frameworks */,
				CEA1E88A1D915D2A00D4CAED /* Resources */,
				8CF2EFE11B0D5E36FA33CA54 /* [CP] Embed Pods Frameworks */,
				D56C1020322880A1F9A4CBF2 /* [CP] Copy Pods Resources */,
			);
			buildRules = (
			);
			dependencies = (
			);
			name = AppMobaxx;
			productName = AppMobaxx;
			productReference = CEA1E88C1D915D2A00D4CAED /* AppMobaxx.app */;
			productType = "com.apple.product-type.application";
		};
		CEA1E8A41D915D2A00D4CAED /* AppMobaxxUITests */ = {
			isa = PBXNativeTarget;
			buildConfigurationList = CEA1E8B11D915D2A00D4CAED /* Build configuration list for PBXNativeTarget "AppMobaxxUITests" */;
			buildPhases = (
				CEA1E8A11D915D2A00D4CAED /* Sources */,
				CEA1E8A21D915D2A00D4CAED /* Frameworks */,
				CEA1E8A31D915D2A00D4CAED /* Resources */,
			);
			buildRules = (
			);
			dependencies = (
				CEA1E8A71D915D2A00D4CAED /* PBXTargetDependency */,
			);
			name = AppMobaxxUITests;
			productName = AppMobaxxUITests;
			productReference = CEA1E8A51D915D2A00D4CAED /* AppMobaxxUITests.xctest */;
			productType = "com.apple.product-type.bundle.ui-testing";
		};
/* End PBXNativeTarget section */

/* Begin PBXProject section */
		CEA1E8841D915D2A00D4CAED /* Project object */ = {
			isa = PBXProject;
			attributes = {
				LastUpgradeCheck = 0800;
				ORGANIZATIONNAME = miwu;
				TargetAttributes = {
					CEA1E88B1D915D2A00D4CAED = {
						CreatedOnToolsVersion = 8.0;
						ProvisioningStyle = Automatic;
					};
					CEA1E8A41D915D2A00D4CAED = {
						CreatedOnToolsVersion = 8.0;
						ProvisioningStyle = Automatic;
						TestTargetID = CEA1E88B1D915D2A00D4CAED;
					};
				};
			};
			buildConfigurationList = CEA1E8871D915D2A00D4CAED /* Build configuration list for PBXProject "AppMobaxx" */;
			compatibilityVersion = "Xcode 3.2";
			developmentRegion = English;
			hasScannedForEncodings = 0;
			knownRegions = (
				en,
				Base,
			);
			mainGroup = CEA1E8831D915D2A00D4CAED;
			productRefGroup = CEA1E88D1D915D2A00D4CAED /* Products */;
			projectDirPath = "";
			projectRoot = "";
			targets = (
				CEA1E88B1D915D2A00D4CAED /* AppMobaxx */,
				CEA1E8A41D915D2A00D4CAED /* AppMobaxxUITests */,
			);
		};
/* End PBXProject section */

/* Begin PBXResourcesBuildPhase section */
		CEA1E88A1D915D2A00D4CAED /* Resources */ = {
			isa = PBXResourcesBuildPhase;
			buildActionMask = 2147483647;
			files = (
				CEA1E89F1D915D2A00D4CAED /* LaunchScreen.storyboard in Resources */,
				CEDEC3E41D92067200A054CF /* LoginMainViewController.xib in Resources */,
				CEA1E89C1D915D2A00D4CAED /* Assets.xcassets in Resources */,
			);
			runOnlyForDeploymentPostprocessing = 0;
		};
		CEA1E8A31D915D2A00D4CAED /* Resources */ = {
			isa = PBXResourcesBuildPhase;
			buildActionMask = 2147483647;
			files = (
			);
			runOnlyForDeploymentPostprocessing = 0;
		};
/* End PBXResourcesBuildPhase section */

/* Begin PBXShellScriptBuildPhase section */
		3065BAFF05C5449E919037BC /* [CP] Check Pods Manifest.lock */ = {
			isa = PBXShellScriptBuildPhase;
			buildActionMask = 2147483647;
			files = (
			);
			inputPaths = (
			);
			name = "[CP] Check Pods Manifest.lock";
			outputPaths = (
			);
			runOnlyForDeploymentPostprocessing = 0;
			shellPath = /bin/sh;
			shellScript = "diff \"${PODS_ROOT}/../Podfile.lock\" \"${PODS_ROOT}/Manifest.lock\" > /dev/null\nif [[ $? != 0 ]] ; then\n    cat << EOM\nerror: The sandbox is not in sync with the Podfile.lock. Run 'pod install' or update your CocoaPods installation.\nEOM\n    exit 1\nfi\n";
			showEnvVarsInLog = 0;
		};
		8CF2EFE11B0D5E36FA33CA54 /* [CP] Embed Pods Frameworks */ = {
			isa = PBXShellScriptBuildPhase;
			buildActionMask = 2147483647;
			files = (
			);
			inputPaths = (
			);
			name = "[CP] Embed Pods Frameworks";
			outputPaths = (
			);
			runOnlyForDeploymentPostprocessing = 0;
			shellPath = /bin/sh;
			shellScript = "\"${SRCROOT}/../../Pods/Target Support Files/Pods-AppMobaxx/Pods-AppMobaxx-frameworks.sh\"\n";
			showEnvVarsInLog = 0;
		};
		D56C1020322880A1F9A4CBF2 /* [CP] Copy Pods Resources */ = {
			isa = PBXShellScriptBuildPhase;
			buildActionMask = 2147483647;
			files = (
			);
			inputPaths = (
			);
			name = "[CP] Copy Pods Resources";
			outputPaths = (
			);
			runOnlyForDeploymentPostprocessing = 0;
			shellPath = /bin/sh;
			shellScript = "\"${SRCROOT}/../../Pods/Target Support Files/Pods-AppMobaxx/Pods-AppMobaxx-resources.sh\"\n";
			showEnvVarsInLog = 0;
		};
/* End PBXShellScriptBuildPhase section */

/* Begin PBXSourcesBuildPhase section */
		CEA1E8881D915D2A00D4CAED /* Sources */ = {
			isa = PBXSourcesBuildPhase;
			buildActionMask = 2147483647;
			files = (
				CEA1E8CF1D915DDB00D4CAED /* WeiboMainViewController.m in Sources */,
				CEE9FC071D9260EA00DCB604 /* PostListView.m in Sources */,
				CEA1E8941D915D2A00D4CAED /* AppDelegate.m in Sources */,
				CEA1E8D01D915DDB00D4CAED /* WeiboPubViewController.m in Sources */,
				CEA1E8B61D915D9500D4CAED /* MainTabBarController.m in Sources */,
				CEB1DE5D1D92AC1A0014ADC7 /* PostModel.m in Sources */,
				CEA1E8911D915D2A00D4CAED /* main.m in Sources */,
				CEDEC3E31D92067200A054CF /* LoginMainViewController.m in Sources */,
			);
			runOnlyForDeploymentPostprocessing = 0;
		};
		CEA1E8A11D915D2A00D4CAED /* Sources */ = {
			isa = PBXSourcesBuildPhase;
			buildActionMask = 2147483647;
			files = (
				CEA1E8AA1D915D2A00D4CAED /* AppMobaxxUITests.m in Sources */,
			);
			runOnlyForDeploymentPostprocessing = 0;
		};
/* End PBXSourcesBuildPhase section */

/* Begin PBXTargetDependency section */
		CEA1E8A71D915D2A00D4CAED /* PBXTargetDependency */ = {
			isa = PBXTargetDependency;
			target = CEA1E88B1D915D2A00D4CAED /* AppMobaxx */;
			targetProxy = CEA1E8A61D915D2A00D4CAED /* PBXContainerItemProxy */;
		};
/* End PBXTargetDependency section */

/* Begin PBXVariantGroup section */
		CEA1E89D1D915D2A00D4CAED /* LaunchScreen.storyboard */ = {
			isa = PBXVariantGroup;
			children = (
				CEA1E89E1D915D2A00D4CAED /* Base */,
			);
			name = LaunchScreen.storyboard;
			sourceTree = "<group>";
		};
/* End PBXVariantGroup section */

/* Begin XCBuildConfiguration section */
		CEA1E8AC1D915D2A00D4CAED /* Debug */ = {
			isa = XCBuildConfiguration;
			buildSettings = {
				ALWAYS_SEARCH_USER_PATHS = NO;
				CLANG_ANALYZER_NONNULL = YES;
				CLANG_CXX_LANGUAGE_STANDARD = "gnu++0x";
				CLANG_CXX_LIBRARY = "libc++";
				CLANG_ENABLE_MODULES = YES;
				CLANG_ENABLE_OBJC_ARC = YES;
				CLANG_WARN_BOOL_CONVERSION = YES;
				CLANG_WARN_CONSTANT_CONVERSION = YES;
				CLANG_WARN_DIRECT_OBJC_ISA_USAGE = YES_ERROR;
				CLANG_WARN_DOCUMENTATION_COMMENTS = YES;
				CLANG_WARN_EMPTY_BODY = YES;
				CLANG_WARN_ENUM_CONVERSION = YES;
				CLANG_WARN_INFINITE_RECURSION = YES;
				CLANG_WARN_INT_CONVERSION = YES;
				CLANG_WARN_OBJC_ROOT_CLASS = YES_ERROR;
				CLANG_WARN_SUSPICIOUS_MOVES = YES;
				CLANG_WARN_UNREACHABLE_CODE = YES;
				CLANG_WARN__DUPLICATE_METHOD_MATCH = YES;
				"CODE_SIGN_IDENTITY[sdk=iphoneos*]" = "iPhone Developer";
				COPY_PHASE_STRIP = NO;
				DEBUG_INFORMATION_FORMAT = dwarf;
				ENABLE_STRICT_OBJC_MSGSEND = YES;
				ENABLE_TESTABILITY = YES;
				GCC_C_LANGUAGE_STANDARD = gnu99;
				GCC_DYNAMIC_NO_PIC = NO;
				GCC_NO_COMMON_BLOCKS = YES;
				GCC_OPTIMIZATION_LEVEL = 0;
				GCC_PREFIX_HEADER = "$(SRCROOT)/AppMobaxx/MobaxxPch.pch";
				GCC_PREPROCESSOR_DEFINITIONS = (
					"DEBUG=1",
					"$(inherited)",
				);
				GCC_WARN_64_TO_32_BIT_CONVERSION = YES;
				GCC_WARN_ABOUT_RETURN_TYPE = YES_ERROR;
				GCC_WARN_UNDECLARED_SELECTOR = YES;
				GCC_WARN_UNINITIALIZED_AUTOS = YES_AGGRESSIVE;
				GCC_WARN_UNUSED_FUNCTION = YES;
				GCC_WARN_UNUSED_VARIABLE = YES;
				IPHONEOS_DEPLOYMENT_TARGET = 8.0;
				MTL_ENABLE_DEBUG_INFO = YES;
				ONLY_ACTIVE_ARCH = YES;
				SDKROOT = iphoneos;
				TARGETED_DEVICE_FAMILY = "1,2";
			};
			name = Debug;
		};
		CEA1E8AD1D915D2A00D4CAED /* Release */ = {
			isa = XCBuildConfiguration;
			buildSettings = {
				ALWAYS_SEARCH_USER_PATHS = NO;
				CLANG_ANALYZER_NONNULL = YES;
				CLANG_CXX_LANGUAGE_STANDARD = "gnu++0x";
				CLANG_CXX_LIBRARY = "libc++";
				CLANG_ENABLE_MODULES = YES;
				CLANG_ENABLE_OBJC_ARC = YES;
				CLANG_WARN_BOOL_CONVERSION = YES;
				CLANG_WARN_CONSTANT_CONVERSION = YES;
				CLANG_WARN_DIRECT_OBJC_ISA_USAGE = YES_ERROR;
				CLANG_WARN_DOCUMENTATION_COMMENTS = YES;
				CLANG_WARN_EMPTY_BODY = YES;
				CLANG_WARN_ENUM_CONVERSION = YES;
				CLANG_WARN_INFINITE_RECURSION = YES;
				CLANG_WARN_INT_CONVERSION = YES;
				CLANG_WARN_OBJC_ROOT_CLASS = YES_ERROR;
				CLANG_WARN_SUSPICIOUS_MOVES = YES;
				CLANG_WARN_UNREACHABLE_CODE = YES;
				CLANG_WARN__DUPLICATE_METHOD_MATCH = YES;
				"CODE_SIGN_IDENTITY[sdk=iphoneos*]" = "iPhone Developer";
				COPY_PHASE_STRIP = NO;
				DEBUG_INFORMATION_FORMAT = "dwarf-with-dsym";
				ENABLE_NS_ASSERTIONS = NO;
				ENABLE_STRICT_OBJC_MSGSEND = YES;
				GCC_C_LANGUAGE_STANDARD = gnu99;
				GCC_NO_COMMON_BLOCKS = YES;
				GCC_PREFIX_HEADER = "$(SRCROOT)/AppMobaxx/MobaxxPch.pch";
				GCC_WARN_64_TO_32_BIT_CONVERSION = YES;
				GCC_WARN_ABOUT_RETURN_TYPE = YES_ERROR;
				GCC_WARN_UNDECLARED_SELECTOR = YES;
				GCC_WARN_UNINITIALIZED_AUTOS = YES_AGGRESSIVE;
				GCC_WARN_UNUSED_FUNCTION = YES;
				GCC_WARN_UNUSED_VARIABLE = YES;
				IPHONEOS_DEPLOYMENT_TARGET = 8.0;
				MTL_ENABLE_DEBUG_INFO = NO;
				SDKROOT = iphoneos;
				TARGETED_DEVICE_FAMILY = "1,2";
				VALIDATE_PRODUCT = YES;
			};
			name = Release;
		};
		CEA1E8AF1D915D2A00D4CAED /* Debug */ = {
			isa = XCBuildConfiguration;
			baseConfigurationReference = C81256A853A17BCBC3BA6E39 /* Pods-AppMobaxx.debug.xcconfig */;
			buildSettings = {
				ASSETCATALOG_COMPILER_APPICON_NAME = AppIcon;
				HEADER_SEARCH_PATHS = (
					"$(inherited)",
					"\"${PODS_ROOT}/Headers/Public\"",
					"\"${PODS_ROOT}/Headers/Public/AFNetworking\"",
					"\"${PODS_ROOT}/Headers/Public/Masonry\"",
					"\"${PODS_ROOT}/Headers/Public/Protobuf\"",
					"$(PROJECT_DIR)/../Base/**",
					"$(PROJECT_DIR)/../Network/**",
				);
				INFOPLIST_FILE = AppMobaxx/Info.plist;
				LD_RUNPATH_SEARCH_PATHS = "$(inherited) @executable_path/Frameworks";
				PRODUCT_BUNDLE_IDENTIFIER = com.blemobi.AppMobaxx;
				PRODUCT_NAME = "$(TARGET_NAME)";
			};
			name = Debug;
		};
		CEA1E8B01D915D2A00D4CAED /* Release */ = {
			isa = XCBuildConfiguration;
			baseConfigurationReference = 7815E6C592EE87318B054466 /* Pods-AppMobaxx.release.xcconfig */;
			buildSettings = {
				ASSETCATALOG_COMPILER_APPICON_NAME = AppIcon;
				HEADER_SEARCH_PATHS = (
					"$(inherited)",
					"\"${PODS_ROOT}/Headers/Public\"",
					"\"${PODS_ROOT}/Headers/Public/AFNetworking\"",
					"\"${PODS_ROOT}/Headers/Public/Masonry\"",
					"\"${PODS_ROOT}/Headers/Public/Protobuf\"",
					"$(PROJECT_DIR)/../Base/**",
					"$(PROJECT_DIR)/../Network/**",
				);
				INFOPLIST_FILE = AppMobaxx/Info.plist;
				LD_RUNPATH_SEARCH_PATHS = "$(inherited) @executable_path/Frameworks";
				PRODUCT_BUNDLE_IDENTIFIER = com.blemobi.AppMobaxx;
				PRODUCT_NAME = "$(TARGET_NAME)";
			};
			name = Release;
		};
		CEA1E8B21D915D2A00D4CAED /* Debug */ = {
			isa = XCBuildConfiguration;
			buildSettings = {
				INFOPLIST_FILE = AppMobaxxUITests/Info.plist;
				LD_RUNPATH_SEARCH_PATHS = "$(inherited) @executable_path/Frameworks @loader_path/Frameworks";
				PRODUCT_BUNDLE_IDENTIFIER = com.blemobi.AppMobaxxUITests;
				PRODUCT_NAME = "$(TARGET_NAME)";
				TEST_TARGET_NAME = AppMobaxx;
			};
			name = Debug;
		};
		CEA1E8B31D915D2A00D4CAED /* Release */ = {
			isa = XCBuildConfiguration;
			buildSettings = {
				INFOPLIST_FILE = AppMobaxxUITests/Info.plist;
				LD_RUNPATH_SEARCH_PATHS = "$(inherited) @executable_path/Frameworks @loader_path/Frameworks";
				PRODUCT_BUNDLE_IDENTIFIER = com.blemobi.AppMobaxxUITests;
				PRODUCT_NAME = "$(TARGET_NAME)";
				TEST_TARGET_NAME = AppMobaxx;
			};
			name = Release;
		};
/* End XCBuildConfiguration section */

/* Begin XCConfigurationList section */
		CEA1E8871D915D2A00D4CAED /* Build configuration list for PBXProject "AppMobaxx" */ = {
			isa = XCConfigurationList;
			buildConfigurations = (
				CEA1E8AC1D915D2A00D4CAED /* Debug */,
				CEA1E8AD1D915D2A00D4CAED /* Release */,
			);
			defaultConfigurationIsVisible = 0;
			defaultConfigurationName = Release;
		};
		CEA1E8AE1D915D2A00D4CAED /* Build configuration list for PBXNativeTarget "AppMobaxx" */ = {
			isa = XCConfigurationList;
			buildConfigurations = (
				CEA1E8AF1D915D2A00D4CAED /* Debug */,
				CEA1E8B01D915D2A00D4CAED /* Release */,
			);
			defaultConfigurationIsVisible = 0;
			defaultConfigurationName = Release;
		};
		CEA1E8B11D915D2A00D4CAED /* Build configuration list for PBXNativeTarget "AppMobaxxUITests" */ = {
			isa = XCConfigurationList;
			buildConfigurations = (
				CEA1E8B21D915D2A00D4CAED /* Debug */,
				CEA1E8B31D915D2A00D4CAED /* Release */,
			);
			defaultConfigurationIsVisible = 0;
			defaultConfigurationName = Release;
		};
/* End XCConfigurationList section */
	};
	rootObject = CEA1E8841D915D2A00D4CAED /* Project object */;
}
